
Microsoft Visual Studio Solution File, Format Version 12.00
# Visual Studio 2012
# SharpDevelop 5.2
VisualStudioVersion = 12.0.20827.3
MinimumVisualStudioVersion = 10.0.40219.1
Project("{FAE04EC0-301F-11D3-BF4B-00C04F79EFBC}") = "Atividade04_EstacionamentoDataGridView", "Atividade04_EstacionamentoDataGridView\Atividade04_EstacionamentoDataGridView.csproj", "{F2D229A9-962A-4665-BDA6-23C7BC8B20FB}"
EndProject
Global
	GlobalSection(SolutionConfigurationPlatforms) = preSolution
		Debug|Any CPU = Debug|Any CPU
		Release|Any CPU = Release|Any CPU
	EndGlobalSection
	GlobalSection(ProjectConfigurationPlatforms) = postSolution
		{F2D229A9-962A-4665-BDA6-23C7BC8B20FB}.Debug|Any CPU.ActiveCfg = Debug|Any CPU
		{F2D229A9-962A-4665-BDA6-23C7BC8B20FB}.Debug|Any CPU.Build.0 = Debug|Any CPU
		{F2D229A9-962A-4665-BDA6-23C7BC8B20FB}.Release|Any CPU.ActiveCfg = Release|Any CPU
		{F2D229A9-962A-4665-BDA6-23C7BC8B20FB}.Release|Any CPU.Build.0 = Release|Any CPU
	EndGlobalSection
EndGlobal
